
Microsoft Visual Studio Solution File, Format Version 12.00
# Visual Studio Version 16
VisualStudioVersion = 16.0.31624.102
MinimumVisualStudioVersion = 10.0.40219.1
Project("{8BC9CEB8-8B4A-11D0-8D11-00A0C91BC942}") = "Project1", "Project1\Project1.vcxproj", "{32D436AF-97D4-4B5C-A36C-1A07441F331D}"
EndProject
Project("{8BC9CEB8-8B4A-11D0-8D11-00A0C91BC942}") = "Project2", "Project2\Project2.vcxproj", "{7B7FD2F7-424D-42BD-AC2C-06CBFB9E501F}"
EndProject
Project("{8BC9CEB8-8B4A-11D0-8D11-00A0C91BC942}") = "Project3", "Project3\Project3.vcxproj", "{62117959-3D55-461C-AA90-922F6AC3FE73}"
EndProject
Project("{8BC9CEB8-8B4A-11D0-8D11-00A0C91BC942}") = "Project4", "Project4\Project4.vcxproj", "{242F769F-C35F-44EB-9A7B-FB107FFC782D}"
EndProject
Project("{8BC9CEB8-8B4A-11D0-8D11-00A0C91BC942}") = "Project5", "Project5\Project5.vcxproj", "{7C829AED-DA6A-4EEA-8315-8A6BD236A2DB}"
EndProject
Project("{8BC9CEB8-8B4A-11D0-8D11-00A0C91BC942}") = "Project6", "Project6\Project6.vcxproj", "{305C47CC-54B6-44F9-B993-A8363C0D2D20}"
EndProject
Project("{8BC9CEB8-8B4A-11D0-8D11-00A0C91BC942}") = "Project7", "Project7\Project7.vcxproj", "{1ADDD999-63D2-4ABD-A7AB-2F6289D04AEE}"
EndProject
Project("{8BC9CEB8-8B4A-11D0-8D11-00A0C91BC942}") = "Project8", "Project8\Project8.vcxproj", "{72751430-C083-4316-B5B2-BC00CC7BB8D8}"
EndProject
Project("{8BC9CEB8-8B4A-11D0-8D11-00A0C91BC942}") = "Project9", "Project9\Project9.vcxproj", "{7BD473EF-14CE-423D-B59F-0198DBBEDF58}"
EndProject
Global
	GlobalSection(SolutionConfigurationPlatforms) = preSolution
		Debug|x64 = Debug|x64
		Debug|x86 = Debug|x86
		Release|x64 = Release|x64
		Release|x86 = Release|x86
	EndGlobalSection
	GlobalSection(ProjectConfigurationPlatforms) = postSolution
		{32D436AF-97D4-4B5C-A36C-1A07441F331D}.Debug|x64.ActiveCfg = Debug|x64
		{32D436AF-97D4-4B5C-A36C-1A07441F331D}.Debug|x64.Build.0 = Debug|x64
		{32D436AF-97D4-4B5C-A36C-1A07441F331D}.Debug|x86.ActiveCfg = Debug|Win32
		{32D436AF-97D4-4B5C-A36C-1A07441F331D}.Debug|x86.Build.0 = Debug|Win32
		{32D436AF-97D4-4B5C-A36C-1A07441F331D}.Release|x64.ActiveCfg = Release|x64
		{32D436AF-97D4-4B5C-A36C-1A07441F331D}.Release|x64.Build.0 = Release|x64
		{32D436AF-97D4-4B5C-A36C-1A07441F331D}.Release|x86.ActiveCfg = Release|Win32
		{32D436AF-97D4-4B5C-A36C-1A07441F331D}.Release|x86.Build.0 = Release|Win32
		{7B7FD2F7-424D-42BD-AC2C-06CBFB9E501F}.Debug|x64.ActiveCfg = Debug|x64
		{7B7FD2F7-424D-42BD-AC2C-06CBFB9E501F}.Debug|x64.Build.0 = Debug|x64
		{7B7FD2F7-424D-42BD-AC2C-06CBFB9E501F}.Debug|x86.ActiveCfg = Debug|Win32
		{7B7FD2F7-424D-42BD-AC2C-06CBFB9E501F}.Debug|x86.Build.0 = Debug|Win32
		{7B7FD2F7-424D-42BD-AC2C-06CBFB9E501F}.Release|x64.ActiveCfg = Release|x64
		{7B7FD2F7-424D-42BD-AC2C-06CBFB9E501F}.Release|x64.Build.0 = Release|x64
		{7B7FD2F7-424D-42BD-AC2C-06CBFB9E501F}.Release|x86.ActiveCfg = Release|Win32
		{7B7FD2F7-424D-42BD-AC2C-06CBFB9E501F}.Release|x86.Build.0 = Release|Win32
		{62117959-3D55-461C-AA90-922F6AC3FE73}.Debug|x64.ActiveCfg = Debug|x64
		{62117959-3D55-461C-AA90-922F6AC3FE73}.Debug|x64.Build.0 = Debug|x64
		{62117959-3D55-461C-AA90-922F6AC3FE73}.Debug|x86.ActiveCfg = Debug|Win32
		{62117959-3D55-461C-AA90-922F6AC3FE73}.Debug|x86.Build.0 = Debug|Win32
		{62117959-3D55-461C-AA90-922F6AC3FE73}.Release|x64.ActiveCfg = Release|x64
		{62117959-3D55-461C-AA90-922F6AC3FE73}.Release|x64.Build.0 = Release|x64
		{62117959-3D55-461C-AA90-922F6AC3FE73}.Release|x86.ActiveCfg = Release|Win32
		{62117959-3D55-461C-AA90-922F6AC3FE73}.Release|x86.Build.0 = Release|Win32
		{242F769F-C35F-44EB-9A7B-FB107FFC782D}.Debug|x64.ActiveCfg = Debug|x64
		{242F769F-C35F-44EB-9A7B-FB107FFC782D}.Debug|x64.Build.0 = Debug|x64
		{242F769F-C35F-44EB-9A7B-FB107FFC782D}.Debug|x86.ActiveCfg = Debug|Win32
		{242F769F-C35F-44EB-9A7B-FB107FFC782D}.Debug|x86.Build.0 = Debug|Win32
		{242F769F-C35F-44EB-9A7B-FB107FFC782D}.Release|x64.ActiveCfg = Release|x64
		{242F769F-C35F-44EB-9A7B-FB107FFC782D}.Release|x64.Build.0 = Release|x64
		{242F769F-C35F-44EB-9A7B-FB107FFC782D}.Release|x86.ActiveCfg = Release|Win32
		{242F769F-C35F-44EB-9A7B-FB107FFC782D}.Release|x86.Build.0 = Release|Win32
		{7C829AED-DA6A-4EEA-8315-8A6BD236A2DB}.Debug|x64.ActiveCfg = Debug|x64
		{7C829AED-DA6A-4EEA-8315-8A6BD236A2DB}.Debug|x64.Build.0 = Debug|x64
		{7C829AED-DA6A-4EEA-8315-8A6BD236A2DB}.Debug|x86.ActiveCfg = Debug|Win32
		{7C829AED-DA6A-4EEA-8315-8A6BD236A2DB}.Debug|x86.Build.0 = Debug|Win32
		{7C829AED-DA6A-4EEA-8315-8A6BD236A2DB}.Release|x64.ActiveCfg = Release|x64
		{7C829AED-DA6A-4EEA-8315-8A6BD236A2DB}.Release|x64.Build.0 = Release|x64
		{7C829AED-DA6A-4EEA-8315-8A6BD236A2DB}.Release|x86.ActiveCfg = Release|Win32
		{7C829AED-DA6A-4EEA-8315-8A6BD236A2DB}.Release|x86.Build.0 = Release|Win32
		{305C47CC-54B6-44F9-B993-A8363C0D2D20}.Debug|x64.ActiveCfg = Debug|x64
		{305C47CC-54B6-44F9-B993-A8363C0D2D20}.Debug|x64.Build.0 = Debug|x64
		{305C47CC-54B6-44F9-B993-A8363C0D2D20}.Debug|x86.ActiveCfg = Debug|Win32
		{305C47CC-54B6-44F9-B993-A8363C0D2D20}.Debug|x86.Build.0 = Debug|Win32
		{305C47CC-54B6-44F9-B993-A8363C0D2D20}.Release|x64.ActiveCfg = Release|x64
		{305C47CC-54B6-44F9-B993-A8363C0D2D20}.Release|x64.Build.0 = Release|x64
		{305C47CC-54B6-44F9-B993-A8363C0D2D20}.Release|x86.ActiveCfg = Release|Win32
		{305C47CC-54B6-44F9-B993-A8363C0D2D20}.Release|x86.Build.0 = Release|Win32
		{1ADDD999-63D2-4ABD-A7AB-2F6289D04AEE}.Debug|x64.ActiveCfg = Debug|x64
		{1ADDD999-63D2-4ABD-A7AB-2F6289D04AEE}.Debug|x64.Build.0 = Debug|x64
		{1ADDD999-63D2-4ABD-A7AB-2F6289D04AEE}.Debug|x86.ActiveCfg = Debug|Win32
		{1ADDD999-63D2-4ABD-A7AB-2F6289D04AEE}.Debug|x86.Build.0 = Debug|Win32
		{1ADDD999-63D2-4ABD-A7AB-2F6289D04AEE}.Release|x64.ActiveCfg = Release|x64
		{1ADDD999-63D2-4ABD-A7AB-2F6289D04AEE}.Release|x64.Build.0 = Release|x64
		{1ADDD999-63D2-4ABD-A7AB-2F6289D04AEE}.Release|x86.ActiveCfg = Release|Win32
		{1ADDD999-63D2-4ABD-A7AB-2F6289D04AEE}.Release|x86.Build.0 = Release|Win32
		{72751430-C083-4316-B5B2-BC00CC7BB8D8}.Debug|x64.ActiveCfg = Debug|x64
		{72751430-C083-4316-B5B2-BC00CC7BB8D8}.Debug|x64.Build.0 = Debug|x64
		{72751430-C083-4316-B5B2-BC00CC7BB8D8}.Debug|x86.ActiveCfg = Debug|Win32
		{72751430-C083-4316-B5B2-BC00CC7BB8D8}.Debug|x86.Build.0 = Debug|Win32
		{72751430-C083-4316-B5B2-BC00CC7BB8D8}.Release|x64.ActiveCfg = Release|x64
		{72751430-C083-4316-B5B2-BC00CC7BB8D8}.Release|x64.Build.0 = Release|x64
		{72751430-C083-4316-B5B2-BC00CC7BB8D8}.Release|x86.ActiveCfg = Release|Win32
		{72751430-C083-4316-B5B2-BC00CC7BB8D8}.Release|x86.Build.0 = Release|Win32
		{7BD473EF-14CE-423D-B59F-0198DBBEDF58}.Debug|x64.ActiveCfg = Debug|x64
		{7BD473EF-14CE-423D-B59F-0198DBBEDF58}.Debug|x64.Build.0 = Debug|x64
		{7BD473EF-14CE-423D-B59F-0198DBBEDF58}.Debug|x86.ActiveCfg = Debug|Win32
		{7BD473EF-14CE-423D-B59F-0198DBBEDF58}.Debug|x86.Build.0 = Debug|Win32
		{7BD473EF-14CE-423D-B59F-0198DBBEDF58}.Release|x64.ActiveCfg = Release|x64
		{7BD473EF-14CE-423D-B59F-0198DBBEDF58}.Release|x64.Build.0 = Release|x64
		{7BD473EF-14CE-423D-B59F-0198DBBEDF58}.Release|x86.ActiveCfg = Release|Win32
		{7BD473EF-14CE-423D-B59F-0198DBBEDF58}.Release|x86.Build.0 = Release|Win32
	EndGlobalSection
	GlobalSection(SolutionProperties) = preSolution
		HideSolutionNode = FALSE
	EndGlobalSection
	GlobalSection(ExtensibilityGlobals) = postSolution
		SolutionGuid = {D6EC04B1-B9F7-475C-8FF0-FD49C10B1CC6}
	EndGlobalSection
EndGlobal
