
Microsoft Visual Studio Solution File, Format Version 12.00
# Visual Studio Version 16
VisualStudioVersion = 16.0.31624.102
MinimumVisualStudioVersion = 10.0.40219.1
Project("{8BC9CEB8-8B4A-11D0-8D11-00A0C91BC942}") = "Project1", "Project1\Project1.vcxproj", "{1707CA49-3555-477D-A1D4-0C75EBD42EEF}"
EndProject
Project("{8BC9CEB8-8B4A-11D0-8D11-00A0C91BC942}") = "Project4", "Project3\Project3.vcxproj", "{BC7BCBB8-4151-4F3F-8198-F97C5F6CA98D}"
EndProject
Project("{8BC9CEB8-8B4A-11D0-8D11-00A0C91BC942}") = "Project5", "Project5\Project5.vcxproj", "{1C847961-CB45-45E1-A0D4-DC5678EB215D}"
EndProject
Global
	GlobalSection(SolutionConfigurationPlatforms) = preSolution
		Debug|x64 = Debug|x64
		Debug|x86 = Debug|x86
		Release|x64 = Release|x64
		Release|x86 = Release|x86
	EndGlobalSection
	GlobalSection(ProjectConfigurationPlatforms) = postSolution
		{1707CA49-3555-477D-A1D4-0C75EBD42EEF}.Debug|x64.ActiveCfg = Debug|x64
		{1707CA49-3555-477D-A1D4-0C75EBD42EEF}.Debug|x64.Build.0 = Debug|x64
		{1707CA49-3555-477D-A1D4-0C75EBD42EEF}.Debug|x86.ActiveCfg = Debug|Win32
		{1707CA49-3555-477D-A1D4-0C75EBD42EEF}.Debug|x86.Build.0 = Debug|Win32
		{1707CA49-3555-477D-A1D4-0C75EBD42EEF}.Release|x64.ActiveCfg = Release|x64
		{1707CA49-3555-477D-A1D4-0C75EBD42EEF}.Release|x64.Build.0 = Release|x64
		{1707CA49-3555-477D-A1D4-0C75EBD42EEF}.Release|x86.ActiveCfg = Release|Win32
		{1707CA49-3555-477D-A1D4-0C75EBD42EEF}.Release|x86.Build.0 = Release|Win32
		{BC7BCBB8-4151-4F3F-8198-F97C5F6CA98D}.Debug|x64.ActiveCfg = Debug|x64
		{BC7BCBB8-4151-4F3F-8198-F97C5F6CA98D}.Debug|x64.Build.0 = Debug|x64
		{BC7BCBB8-4151-4F3F-8198-F97C5F6CA98D}.Debug|x86.ActiveCfg = Debug|Win32
		{BC7BCBB8-4151-4F3F-8198-F97C5F6CA98D}.Debug|x86.Build.0 = Debug|Win32
		{BC7BCBB8-4151-4F3F-8198-F97C5F6CA98D}.Release|x64.ActiveCfg = Release|x64
		{BC7BCBB8-4151-4F3F-8198-F97C5F6CA98D}.Release|x64.Build.0 = Release|x64
		{BC7BCBB8-4151-4F3F-8198-F97C5F6CA98D}.Release|x86.ActiveCfg = Release|Win32
		{BC7BCBB8-4151-4F3F-8198-F97C5F6CA98D}.Release|x86.Build.0 = Release|Win32
		{1C847961-CB45-45E1-A0D4-DC5678EB215D}.Debug|x64.ActiveCfg = Debug|x64
		{1C847961-CB45-45E1-A0D4-DC5678EB215D}.Debug|x64.Build.0 = Debug|x64
		{1C847961-CB45-45E1-A0D4-DC5678EB215D}.Debug|x86.ActiveCfg = Debug|Win32
		{1C847961-CB45-45E1-A0D4-DC5678EB215D}.Debug|x86.Build.0 = Debug|Win32
		{1C847961-CB45-45E1-A0D4-DC5678EB215D}.Release|x64.ActiveCfg = Release|x64
		{1C847961-CB45-45E1-A0D4-DC5678EB215D}.Release|x64.Build.0 = Release|x64
		{1C847961-CB45-45E1-A0D4-DC5678EB215D}.Release|x86.ActiveCfg = Release|Win32
		{1C847961-CB45-45E1-A0D4-DC5678EB215D}.Release|x86.Build.0 = Release|Win32
	EndGlobalSection
	GlobalSection(SolutionProperties) = preSolution
		HideSolutionNode = FALSE
	EndGlobalSection
	GlobalSection(ExtensibilityGlobals) = postSolution
		SolutionGuid = {414430ED-BC55-4E8A-B827-47F3F0FF04FB}
	EndGlobalSection
EndGlobal
